
Microsoft Visual Studio Solution File, Format Version 12.00
# Visual Studio 15
VisualStudioVersion = 15.0.28307.1062
MinimumVisualStudioVersion = 10.0.40219.1
Project("{FAE04EC0-301F-11D3-BF4B-00C04F79EFBC}") = "TwinPeaks", "TwinPeaks\TwinPeaks.csproj", "{A1CB554E-D351-4075-9248-E84615177C3B}"
EndProject
Global
	GlobalSection(SolutionConfigurationPlatforms) = preSolution
		Debug|Any CPU = Debug|Any CPU
		Release|Any CPU = Release|Any CPU
	EndGlobalSection
	GlobalSection(ProjectConfigurationPlatforms) = postSolution
		{A1CB554E-D351-4075-9248-E84615177C3B}.Debug|Any CPU.ActiveCfg = Debug|Any CPU
		{A1CB554E-D351-4075-9248-E84615177C3B}.Debug|Any CPU.Build.0 = Debug|Any CPU
		{A1CB554E-D351-4075-9248-E84615177C3B}.Release|Any CPU.ActiveCfg = Release|Any CPU
		{A1CB554E-D351-4075-9248-E84615177C3B}.Release|Any CPU.Build.0 = Release|Any CPU
	EndGlobalSection
	GlobalSection(SolutionProperties) = preSolution
		HideSolutionNode = FALSE
	EndGlobalSection
	GlobalSection(ExtensibilityGlobals) = postSolution
		SolutionGuid = {639F3F29-BF22-4178-A6BD-401CB4FAFFAA}
	EndGlobalSection
EndGlobal
